
Microsoft Visual Studio Solution File, Format Version 12.00
# Visual Studio Version 16
VisualStudioVersion = 16.0.30204.135
MinimumVisualStudioVersion = 10.0.40219.1
Project("{FAE04EC0-301F-11D3-BF4B-00C04F79EFBC}") = "ZV_CursusAdmin.App", "ZV_CursusAdmin.App\ZV_CursusAdmin.App.csproj", "{84703CAD-9CD6-4A9D-A701-EA523D48C44E}"
EndProject
Project("{FAE04EC0-301F-11D3-BF4B-00C04F79EFBC}") = "ZV_CursusAdmin.Test", "ZV_CursusAdmin.Test\ZV_CursusAdmin.Test.csproj", "{D9183076-C994-429D-89A4-54065096BD80}"
EndProject
Global
	GlobalSection(SolutionConfigurationPlatforms) = preSolution
		Debug|Any CPU = Debug|Any CPU
		Release|Any CPU = Release|Any CPU
	EndGlobalSection
	GlobalSection(ProjectConfigurationPlatforms) = postSolution
		{84703CAD-9CD6-4A9D-A701-EA523D48C44E}.Debug|Any CPU.ActiveCfg = Debug|Any CPU
		{84703CAD-9CD6-4A9D-A701-EA523D48C44E}.Debug|Any CPU.Build.0 = Debug|Any CPU
		{84703CAD-9CD6-4A9D-A701-EA523D48C44E}.Release|Any CPU.ActiveCfg = Release|Any CPU
		{84703CAD-9CD6-4A9D-A701-EA523D48C44E}.Release|Any CPU.Build.0 = Release|Any CPU
		{D9183076-C994-429D-89A4-54065096BD80}.Debug|Any CPU.ActiveCfg = Debug|Any CPU
		{D9183076-C994-429D-89A4-54065096BD80}.Debug|Any CPU.Build.0 = Debug|Any CPU
		{D9183076-C994-429D-89A4-54065096BD80}.Release|Any CPU.ActiveCfg = Release|Any CPU
		{D9183076-C994-429D-89A4-54065096BD80}.Release|Any CPU.Build.0 = Release|Any CPU
	EndGlobalSection
	GlobalSection(SolutionProperties) = preSolution
		HideSolutionNode = FALSE
	EndGlobalSection
	GlobalSection(ExtensibilityGlobals) = postSolution
		SolutionGuid = {1A56E166-9480-4AC9-8D19-821E4FB31910}
	EndGlobalSection
EndGlobal
